
Microsoft Visual Studio Solution File, Format Version 12.00
# Visual Studio Version 16
VisualStudioVersion = 16.0.34729.46
MinimumVisualStudioVersion = 10.0.40219.1
Project("{FAE04EC0-301F-11D3-BF4B-00C04F79EFBC}") = "SelfHostedWEBAPI", "SlefHostedWEBAPI\SelfHostedWEBAPI.csproj", "{D1B0FFB0-4A7D-4B52-A6EA-2C40B6C4491A}"
EndProject
Project("{FAE04EC0-301F-11D3-BF4B-00C04F79EFBC}") = "SelfHostedWEBAPIService", "SelfHostedWEBAPIService\SelfHostedWEBAPIService.csproj", "{A02142BF-7B37-4B46-A9C4-A6275E7F169A}"
EndProject
Global
	GlobalSection(SolutionConfigurationPlatforms) = preSolution
		Debug|Any CPU = Debug|Any CPU
		Release|Any CPU = Release|Any CPU
	EndGlobalSection
	GlobalSection(ProjectConfigurationPlatforms) = postSolution
		{D1B0FFB0-4A7D-4B52-A6EA-2C40B6C4491A}.Debug|Any CPU.ActiveCfg = Debug|Any CPU
		{D1B0FFB0-4A7D-4B52-A6EA-2C40B6C4491A}.Debug|Any CPU.Build.0 = Debug|Any CPU
		{D1B0FFB0-4A7D-4B52-A6EA-2C40B6C4491A}.Release|Any CPU.ActiveCfg = Release|Any CPU
		{D1B0FFB0-4A7D-4B52-A6EA-2C40B6C4491A}.Release|Any CPU.Build.0 = Release|Any CPU
		{A02142BF-7B37-4B46-A9C4-A6275E7F169A}.Debug|Any CPU.ActiveCfg = Debug|Any CPU
		{A02142BF-7B37-4B46-A9C4-A6275E7F169A}.Debug|Any CPU.Build.0 = Debug|Any CPU
		{A02142BF-7B37-4B46-A9C4-A6275E7F169A}.Release|Any CPU.ActiveCfg = Release|Any CPU
		{A02142BF-7B37-4B46-A9C4-A6275E7F169A}.Release|Any CPU.Build.0 = Release|Any CPU
	EndGlobalSection
	GlobalSection(SolutionProperties) = preSolution
		HideSolutionNode = FALSE
	EndGlobalSection
	GlobalSection(ExtensibilityGlobals) = postSolution
		SolutionGuid = {C8C7EF69-3165-497D-B239-613CF9766D10}
	EndGlobalSection
EndGlobal
